
Microsoft Visual Studio Solution File, Format Version 12.00
# Visual Studio Version 17
VisualStudioVersion = 17.9.34728.123
MinimumVisualStudioVersion = 10.0.40219.1
Project("{9A19103F-16F7-4668-BE54-9A1E7A4F7556}") = "Vorn.Aaas.Client.Wasm", "Vorn.Aaas.Client.Wasm.csproj", "{84764EDB-2D70-4CA7-B707-8890C73B9427}"
EndProject
Global
	GlobalSection(SolutionConfigurationPlatforms) = preSolution
		Debug|Any CPU = Debug|Any CPU
		Release|Any CPU = Release|Any CPU
	EndGlobalSection
	GlobalSection(ProjectConfigurationPlatforms) = postSolution
		{84764EDB-2D70-4CA7-B707-8890C73B9427}.Debug|Any CPU.ActiveCfg = Debug|Any CPU
		{84764EDB-2D70-4CA7-B707-8890C73B9427}.Debug|Any CPU.Build.0 = Debug|Any CPU
		{84764EDB-2D70-4CA7-B707-8890C73B9427}.Release|Any CPU.ActiveCfg = Release|Any CPU
		{84764EDB-2D70-4CA7-B707-8890C73B9427}.Release|Any CPU.Build.0 = Release|Any CPU
	EndGlobalSection
	GlobalSection(SolutionProperties) = preSolution
		HideSolutionNode = FALSE
	EndGlobalSection
	GlobalSection(ExtensibilityGlobals) = postSolution
		SolutionGuid = {F7140DE4-32FB-42C3-B1C7-9EF4052F7946}
	EndGlobalSection
EndGlobal
